
Microsoft Visual Studio Solution File, Format Version 12.00
# Visual Studio Version 17
VisualStudioVersion = 17.11.35312.102
MinimumVisualStudioVersion = 10.0.40219.1
Project("{FAE04EC0-301F-11D3-BF4B-00C04F79EFBC}") = "CreateRepoFromVS", "CreateRepoFromVS\CreateRepoFromVS.csproj", "{D56036E3-CFB3-4BF3-B104-9885102E17DD}"
EndProject
Global
	GlobalSection(SolutionConfigurationPlatforms) = preSolution
		Debug|Any CPU = Debug|Any CPU
		Release|Any CPU = Release|Any CPU
	EndGlobalSection
	GlobalSection(ProjectConfigurationPlatforms) = postSolution
		{D56036E3-CFB3-4BF3-B104-9885102E17DD}.Debug|Any CPU.ActiveCfg = Debug|Any CPU
		{D56036E3-CFB3-4BF3-B104-9885102E17DD}.Debug|Any CPU.Build.0 = Debug|Any CPU
		{D56036E3-CFB3-4BF3-B104-9885102E17DD}.Release|Any CPU.ActiveCfg = Release|Any CPU
		{D56036E3-CFB3-4BF3-B104-9885102E17DD}.Release|Any CPU.Build.0 = Release|Any CPU
	EndGlobalSection
	GlobalSection(SolutionProperties) = preSolution
		HideSolutionNode = FALSE
	EndGlobalSection
	GlobalSection(ExtensibilityGlobals) = postSolution
		SolutionGuid = {48274C4D-7BCC-4293-A900-5F572AA15133}
	EndGlobalSection
EndGlobal
